
Microsoft Visual Studio Solution File, Format Version 12.00
# Visual Studio Version 16
VisualStudioVersion = 16.0.32802.440
MinimumVisualStudioVersion = 10.0.40219.1
Project("{FAE04EC0-301F-11D3-BF4B-00C04F79EFBC}") = "Triple play", "Triple play.csproj", "{07F5A45A-595D-4889-A9DD-2D444B2DAA66}"
EndProject
Global
	GlobalSection(SolutionConfigurationPlatforms) = preSolution
		Debug|Any CPU = Debug|Any CPU
		Release|Any CPU = Release|Any CPU
	EndGlobalSection
	GlobalSection(ProjectConfigurationPlatforms) = postSolution
		{07F5A45A-595D-4889-A9DD-2D444B2DAA66}.Debug|Any CPU.ActiveCfg = Debug|Any CPU
		{07F5A45A-595D-4889-A9DD-2D444B2DAA66}.Debug|Any CPU.Build.0 = Debug|Any CPU
		{07F5A45A-595D-4889-A9DD-2D444B2DAA66}.Release|Any CPU.ActiveCfg = Release|Any CPU
		{07F5A45A-595D-4889-A9DD-2D444B2DAA66}.Release|Any CPU.Build.0 = Release|Any CPU
	EndGlobalSection
	GlobalSection(SolutionProperties) = preSolution
		HideSolutionNode = FALSE
	EndGlobalSection
	GlobalSection(ExtensibilityGlobals) = postSolution
		SolutionGuid = {6DC47641-F95B-4E52-8CB3-6DACA82248EE}
	EndGlobalSection
EndGlobal
